// !$*UTF8*$!
{
	archiveVersion = 1;
	classes = {
	};
	objectVersion = 77;
	objects = {

/* Begin PBXContainerItemProxy section */
		671952632D8E214B008E73B4 /* PBXContainerItemProxy */ = {
			isa = PBXContainerItemProxy;
			containerPortal = 671952442D8E214A008E73B4 /* Project object */;
			proxyType = 1;
			remoteGlobalIDString = 6719524B2D8E214A008E73B4;
			remoteInfo = "taskZ-ios";
		};
		6719526D2D8E214B008E73B4 /* PBXContainerItemProxy */ = {
			isa = PBXContainerItemProxy;
			containerPortal = 671952442D8E214A008E73B4 /* Project object */;
			proxyType = 1;
			remoteGlobalIDString = 6719524B2D8E214A008E73B4;
			remoteInfo = "taskZ-ios";
		};
/* End PBXContainerItemProxy section */

/* Begin PBXFileReference section */
		6719524C2D8E214A008E73B4 /* taskZ-ios.app */ = {isa = PBXFileReference; explicitFileType = wrapper.application; includeInIndex = 0; path = "taskZ-ios.app"; sourceTree = BUILT_PRODUCTS_DIR; };
		671952622D8E214B008E73B4 /* taskZ-iosTests.xctest */ = {isa = PBXFileReference; explicitFileType = wrapper.cfbundle; includeInIndex = 0; path = "taskZ-iosTests.xctest"; sourceTree = BUILT_PRODUCTS_DIR; };
		6719526C2D8E214B008E73B4 /* taskZ-iosUITests.xctest */ = {isa = PBXFileReference; explicitFileType = wrapper.cfbundle; includeInIndex = 0; path = "taskZ-iosUITests.xctest"; sourceTree = BUILT_PRODUCTS_DIR; };
/* End PBXFileReference section */

/* Begin PBXFileSystemSynchronizedBuildFileExceptionSet section */
		671952742D8E214B008E73B4 /* Exceptions for "taskZ-ios" folder in "taskZ-ios" target */ = {
			isa = PBXFileSystemSynchronizedBuildFileExceptionSet;
			membershipExceptions = (
				App/Info.plist,
			);
			target = 6719524B2D8E214A008E73B4 /* taskZ-ios */;
		};
/* End PBXFileSystemSynchronizedBuildFileExceptionSet section */

/* Begin PBXFileSystemSynchronizedRootGroup section */
		6719524E2D8E214A008E73B4 /* taskZ-ios */ = {
			isa = PBXFileSystemSynchronizedRootGroup;
			exceptions = (
				671952742D8E214B008E73B4 /* Exceptions for "taskZ-ios" folder in "taskZ-ios" target */,
			);
			path = "taskZ-ios";
			sourceTree = "<group>";
		};
		671952652D8E214B008E73B4 /* taskZ-iosTests */ = {
			isa = PBXFileSystemSynchronizedRootGroup;
			path = "taskZ-iosTests";
			sourceTree = "<group>";
		};
		6719526F2D8E214B008E73B4 /* taskZ-iosUITests */ = {
			isa = PBXFileSystemSynchronizedRootGroup;
			path = "taskZ-iosUITests";
			sourceTree = "<group>";
		};
/* End PBXFileSystemSynchronizedRootGroup section */

/* Begin PBXFrameworksBuildPhase section */
		671952492D8E214A008E73B4 /* Frameworks */ = {
			isa = PBXFrameworksBuildPhase;
			buildActionMask = 2147483647;
			files = (
			);
			runOnlyForDeploymentPostprocessing = 0;
		};
		6719525F2D8E214B008E73B4 /* Frameworks */ = {
			isa = PBXFrameworksBuildPhase;
			buildActionMask = 2147483647;
			files = (
			);
			runOnlyForDeploymentPostprocessing = 0;
		};
		671952692D8E214B008E73B4 /* Frameworks */ = {
			isa = PBXFrameworksBuildPhase;
			buildActionMask = 2147483647;
			files = (
			);
			runOnlyForDeploymentPostprocessing = 0;
		};
/* End PBXFrameworksBuildPhase section */

/* Begin PBXGroup section */
		671952432D8E214A008E73B4 = {
			isa = PBXGroup;
			children = (
				6719524E2D8E214A008E73B4 /* taskZ-ios */,
				671952652D8E214B008E73B4 /* taskZ-iosTests */,
				6719526F2D8E214B008E73B4 /* taskZ-iosUITests */,
				6719524D2D8E214A008E73B4 /* Products */,
			);
			sourceTree = "<group>";
		};
		6719524D2D8E214A008E73B4 /* Products */ = {
			isa = PBXGroup;
			children = (
				6719524C2D8E214A008E73B4 /* taskZ-ios.app */,
				671952622D8E214B008E73B4 /* taskZ-iosTests.xctest */,
				6719526C2D8E214B008E73B4 /* taskZ-iosUITests.xctest */,
			);
			name = Products;
			sourceTree = "<group>";
		};
/* End PBXGroup section */

/* Begin PBXNativeTarget section */
		6719524B2D8E214A008E73B4 /* taskZ-ios */ = {
			isa = PBXNativeTarget;
			buildConfigurationList = 671952752D8E214B008E73B4 /* Build configuration list for PBXNativeTarget "taskZ-ios" */;
			buildPhases = (
				671952482D8E214A008E73B4 /* Sources */,
				671952492D8E214A008E73B4 /* Frameworks */,
				6719524A2D8E214A008E73B4 /* Resources */,
			);
			buildRules = (
			);
			dependencies = (
			);
			fileSystemSynchronizedGroups = (
				6719524E2D8E214A008E73B4 /* taskZ-ios */,
			);
			name = "taskZ-ios";
			packageProductDependencies = (
			);
			productName = "taskZ-ios";
			productReference = 6719524C2D8E214A008E73B4 /* taskZ-ios.app */;
			productType = "com.apple.product-type.application";
		};
		671952612D8E214B008E73B4 /* taskZ-iosTests */ = {
			isa = PBXNativeTarget;
			buildConfigurationList = 6719527A2D8E214B008E73B4 /* Build configuration list for PBXNativeTarget "taskZ-iosTests" */;
			buildPhases = (
				6719525E2D8E214B008E73B4 /* Sources */,
				6719525F2D8E214B008E73B4 /* Frameworks */,
				671952602D8E214B008E73B4 /* Resources */,
			);
			buildRules = (
			);
			dependencies = (
				671952642D8E214B008E73B4 /* PBXTargetDependency */,
			);
			fileSystemSynchronizedGroups = (
				671952652D8E214B008E73B4 /* taskZ-iosTests */,
			);
			name = "taskZ-iosTests";
			packageProductDependencies = (
			);
			productName = "taskZ-iosTests";
			productReference = 671952622D8E214B008E73B4 /* taskZ-iosTests.xctest */;
			productType = "com.apple.product-type.bundle.unit-test";
		};
		6719526B2D8E214B008E73B4 /* taskZ-iosUITests */ = {
			isa = PBXNativeTarget;
			buildConfigurationList = 6719527D2D8E214B008E73B4 /* Build configuration list for PBXNativeTarget "taskZ-iosUITests" */;
			buildPhases = (
				671952682D8E214B008E73B4 /* Sources */,
				671952692D8E214B008E73B4 /* Frameworks */,
				6719526A2D8E214B008E73B4 /* Resources */,
			);
			buildRules = (
			);
			dependencies = (
				6719526E2D8E214B008E73B4 /* PBXTargetDependency */,
			);
			fileSystemSynchronizedGroups = (
				6719526F2D8E214B008E73B4 /* taskZ-iosUITests */,
			);
			name = "taskZ-iosUITests";
			packageProductDependencies = (
			);
			productName = "taskZ-iosUITests";
			productReference = 6719526C2D8E214B008E73B4 /* taskZ-iosUITests.xctest */;
			productType = "com.apple.product-type.bundle.ui-testing";
		};
/* End PBXNativeTarget section */

/* Begin PBXProject section */
		671952442D8E214A008E73B4 /* Project object */ = {
			isa = PBXProject;
			attributes = {
				BuildIndependentTargetsInParallel = 1;
				LastSwiftUpdateCheck = 1620;
				LastUpgradeCheck = 1620;
				TargetAttributes = {
					6719524B2D8E214A008E73B4 = {
						CreatedOnToolsVersion = 16.2;
					};
					671952612D8E214B008E73B4 = {
						CreatedOnToolsVersion = 16.2;
						TestTargetID = 6719524B2D8E214A008E73B4;
					};
					6719526B2D8E214B008E73B4 = {
						CreatedOnToolsVersion = 16.2;
						TestTargetID = 6719524B2D8E214A008E73B4;
					};
				};
			};
			buildConfigurationList = 671952472D8E214A008E73B4 /* Build configuration list for PBXProject "taskZ-ios" */;
			developmentRegion = en;
			hasScannedForEncodings = 0;
			knownRegions = (
				en,
				Base,
			);
			mainGroup = 671952432D8E214A008E73B4;
			minimizedProjectReferenceProxies = 1;
			preferredProjectObjectVersion = 77;
			productRefGroup = 6719524D2D8E214A008E73B4 /* Products */;
			projectDirPath = "";
			projectRoot = "";
			targets = (
				6719524B2D8E214A008E73B4 /* taskZ-ios */,
				671952612D8E214B008E73B4 /* taskZ-iosTests */,
				6719526B2D8E214B008E73B4 /* taskZ-iosUITests */,
			);
		};
/* End PBXProject section */

/* Begin PBXResourcesBuildPhase section */
		6719524A2D8E214A008E73B4 /* Resources */ = {
			isa = PBXResourcesBuildPhase;
			buildActionMask = 2147483647;
			files = (
			);
			runOnlyForDeploymentPostprocessing = 0;
		};
		671952602D8E214B008E73B4 /* Resources */ = {
			isa = PBXResourcesBuildPhase;
			buildActionMask = 2147483647;
			files = (
			);
			runOnlyForDeploymentPostprocessing = 0;
		};
		6719526A2D8E214B008E73B4 /* Resources */ = {
			isa = PBXResourcesBuildPhase;
			buildActionMask = 2147483647;
			files = (
			);
			runOnlyForDeploymentPostprocessing = 0;
		};
/* End PBXResourcesBuildPhase section */

/* Begin PBXSourcesBuildPhase section */
		671952482D8E214A008E73B4 /* Sources */ = {
			isa = PBXSourcesBuildPhase;
			buildActionMask = 2147483647;
			files = (
			);
			runOnlyForDeploymentPostprocessing = 0;
		};
		6719525E2D8E214B008E73B4 /* Sources */ = {
			isa = PBXSourcesBuildPhase;
			buildActionMask = 2147483647;
			files = (
			);
			runOnlyForDeploymentPostprocessing = 0;
		};
		671952682D8E214B008E73B4 /* Sources */ = {
			isa = PBXSourcesBuildPhase;
			buildActionMask = 2147483647;
			files = (
			);
			runOnlyForDeploymentPostprocessing = 0;
		};
/* End PBXSourcesBuildPhase section */

/* Begin PBXTargetDependency section */
		671952642D8E214B008E73B4 /* PBXTargetDependency */ = {
			isa = PBXTargetDependency;
			target = 6719524B2D8E214A008E73B4 /* taskZ-ios */;
			targetProxy = 671952632D8E214B008E73B4 /* PBXContainerItemProxy */;
		};
		6719526E2D8E214B008E73B4 /* PBXTargetDependency */ = {
			isa = PBXTargetDependency;
			target = 6719524B2D8E214A008E73B4 /* taskZ-ios */;
			targetProxy = 6719526D2D8E214B008E73B4 /* PBXContainerItemProxy */;
		};
/* End PBXTargetDependency section */

/* Begin XCBuildConfiguration section */
		671952762D8E214B008E73B4 /* Debug */ = {
			isa = XCBuildConfiguration;
			buildSettings = {
				ASSETCATALOG_COMPILER_APPICON_NAME = AppIcon;
				ASSETCATALOG_COMPILER_GLOBAL_ACCENT_COLOR_NAME = AccentColor;
				CODE_SIGN_STYLE = Automatic;
				CURRENT_PROJECT_VERSION = 1;
				DEVELOPMENT_TEAM = QP7342XB9T;
				GENERATE_INFOPLIST_FILE = YES;
				INFOPLIST_FILE = "taskZ-ios/App/Info.plist";
				INFOPLIST_KEY_UIApplicationSupportsIndirectInputEvents = YES;
				INFOPLIST_KEY_UILaunchStoryboardName = LaunchScreen;
				INFOPLIST_KEY_UISupportedInterfaceOrientations_iPad = "UIInterfaceOrientationPortrait UIInterfaceOrientationPortraitUpsideDown UIInterfaceOrientationLandscapeLeft UIInterfaceOrientationLandscapeRight";
				INFOPLIST_KEY_UISupportedInterfaceOrientations_iPhone = "UIInterfaceOrientationPortrait UIInterfaceOrientationLandscapeLeft UIInterfaceOrientationLandscapeRight";
				IPHONEOS_DEPLOYMENT_TARGET = 15.6;
				LD_RUNPATH_SEARCH_PATHS = (
					"$(inherited)",
					"@executable_path/Frameworks",
				);
				MARKETING_VERSION = 1.0;
				PRODUCT_BUNDLE_IDENTIFIER = "com.burak.taskZ-ios";
				PRODUCT_NAME = "$(TARGET_NAME)";
				SWIFT_EMIT_LOC_STRINGS = YES;
				SWIFT_VERSION = 5.0;
				TARGETED_DEVICE_FAMILY = "1,2";
			};
			name = Debug;
		};
		671952772D8E214B008E73B4 /* Release */ = {
			isa = XCBuildConfiguration;
			buildSettings = {
				ASSETCATALOG_COMPILER_APPICON_NAME = AppIcon;
				ASSETCATALOG_COMPILER_GLOBAL_ACCENT_COLOR_NAME = AccentColor;
				CODE_SIGN_STYLE = Automatic;
				CURRENT_PROJECT_VERSION = 1;
				DEVELOPMENT_TEAM = QP7342XB9T;
				GENERATE_INFOPLIST_FILE = YES;
				INFOPLIST_FILE = "taskZ-ios/App/Info.plist";
				INFOPLIST_KEY_UIApplicationSupportsIndirectInputEvents = YES;
				INFOPLIST_KEY_UILaunchStoryboardName = LaunchScreen;
				INFOPLIST_KEY_UISupportedInterfaceOrientations_iPad = "UIInterfaceOrientationPortrait UIInterfaceOrientationPortraitUpsideDown UIInterfaceOrientationLandscapeLeft UIInterfaceOrientationLandscapeRight";
				INFOPLIST_KEY_UISupportedInterfaceOrientations_iPhone = "UIInterfaceOrientationPortrait UIInterfaceOrientationLandscapeLeft UIInterfaceOrientationLandscapeRight";
				IPHONEOS_DEPLOYMENT_TARGET = 15.6;
				LD_RUNPATH_SEARCH_PATHS = (
					"$(inherited)",
					"@executable_path/Frameworks",
				);
				MARKETING_VERSION = 1.0;
				PRODUCT_BUNDLE_IDENTIFIER = "com.burak.taskZ-ios";
				PRODUCT_NAME = "$(TARGET_NAME)";
				SWIFT_EMIT_LOC_STRINGS = YES;
				SWIFT_VERSION = 5.0;
				TARGETED_DEVICE_FAMILY = "1,2";
			};
			name = Release;
		};
		671952782D8E214B008E73B4 /* Debug */ = {
			isa = XCBuildConfiguration;
			buildSettings = {
				ALWAYS_SEARCH_USER_PATHS = NO;
				ASSETCATALOG_COMPILER_GENERATE_SWIFT_ASSET_SYMBOL_EXTENSIONS = YES;
				CLANG_ANALYZER_NONNULL = YES;
				CLANG_ANALYZER_NUMBER_OBJECT_CONVERSION = YES_AGGRESSIVE;
				CLANG_CXX_LANGUAGE_STANDARD = "gnu++20";
				CLANG_ENABLE_MODULES = YES;
				CLANG_ENABLE_OBJC_ARC = YES;
				CLANG_ENABLE_OBJC_WEAK = YES;
				CLANG_WARN_BLOCK_CAPTURE_AUTORELEASING = YES;
				CLANG_WARN_BOOL_CONVERSION = YES;
				CLANG_WARN_COMMA = YES;
				CLANG_WARN_CONSTANT_CONVERSION = YES;
				CLANG_WARN_DEPRECATED_OBJC_IMPLEMENTATIONS = YES;
				CLANG_WARN_DIRECT_OBJC_ISA_USAGE = YES_ERROR;
				CLANG_WARN_DOCUMENTATION_COMMENTS = YES;
				CLANG_WARN_EMPTY_BODY = YES;
				CLANG_WARN_ENUM_CONVERSION = YES;
				CLANG_WARN_INFINITE_RECURSION = YES;
				CLANG_WARN_INT_CONVERSION = YES;
				CLANG_WARN_NON_LITERAL_NULL_CONVERSION = YES;
				CLANG_WARN_OBJC_IMPLICIT_RETAIN_SELF = YES;
				CLANG_WARN_OBJC_LITERAL_CONVERSION = YES;
				CLANG_WARN_OBJC_ROOT_CLASS = YES_ERROR;
				CLANG_WARN_QUOTED_INCLUDE_IN_FRAMEWORK_HEADER = YES;
				CLANG_WARN_RANGE_LOOP_ANALYSIS = YES;
				CLANG_WARN_STRICT_PROTOTYPES = YES;
				CLANG_WARN_SUSPICIOUS_MOVE = YES;
				CLANG_WARN_UNGUARDED_AVAILABILITY = YES_AGGRESSIVE;
				CLANG_WARN_UNREACHABLE_CODE = YES;
				CLANG_WARN__DUPLICATE_METHOD_MATCH = YES;
				COPY_PHASE_STRIP = NO;
				DEBUG_INFORMATION_FORMAT = dwarf;
				ENABLE_STRICT_OBJC_MSGSEND = YES;
				ENABLE_TESTABILITY = YES;
				ENABLE_USER_SCRIPT_SANDBOXING = YES;
				GCC_C_LANGUAGE_STANDARD = gnu17;
				GCC_DYNAMIC_NO_PIC = NO;
				GCC_NO_COMMON_BLOCKS = YES;
				GCC_OPTIMIZATION_LEVEL = 0;
				GCC_PREPROCESSOR_DEFINITIONS = (
					"DEBUG=1",
					"$(inherited)",
				);
				GCC_WARN_64_TO_32_BIT_CONVERSION = YES;
				GCC_WARN_ABOUT_RETURN_TYPE = YES_ERROR;
				GCC_WARN_UNDECLARED_SELECTOR = YES;
				GCC_WARN_UNINITIALIZED_AUTOS = YES_AGGRESSIVE;
				GCC_WARN_UNUSED_FUNCTION = YES;
				GCC_WARN_UNUSED_VARIABLE = YES;
				IPHONEOS_DEPLOYMENT_TARGET = 18.2;
				LOCALIZATION_PREFERS_STRING_CATALOGS = YES;
				MTL_ENABLE_DEBUG_INFO = INCLUDE_SOURCE;
				MTL_FAST_MATH = YES;
				ONLY_ACTIVE_ARCH = YES;
				SDKROOT = iphoneos;
				SWIFT_ACTIVE_COMPILATION_CONDITIONS = "DEBUG $(inherited)";
				SWIFT_OPTIMIZATION_LEVEL = "-Onone";
			};
			name = Debug;
		};
		671952792D8E214B008E73B4 /* Release */ = {
			isa = XCBuildConfiguration;
			buildSettings = {
				ALWAYS_SEARCH_USER_PATHS = NO;
				ASSETCATALOG_COMPILER_GENERATE_SWIFT_ASSET_SYMBOL_EXTENSIONS = YES;
				CLANG_ANALYZER_NONNULL = YES;
				CLANG_ANALYZER_NUMBER_OBJECT_CONVERSION = YES_AGGRESSIVE;
				CLANG_CXX_LANGUAGE_STANDARD = "gnu++20";
				CLANG_ENABLE_MODULES = YES;
				CLANG_ENABLE_OBJC_ARC = YES;
				CLANG_ENABLE_OBJC_WEAK = YES;
				CLANG_WARN_BLOCK_CAPTURE_AUTORELEASING = YES;
				CLANG_WARN_BOOL_CONVERSION = YES;
				CLANG_WARN_COMMA = YES;
				CLANG_WARN_CONSTANT_CONVERSION = YES;
				CLANG_WARN_DEPRECATED_OBJC_IMPLEMENTATIONS = YES;
				CLANG_WARN_DIRECT_OBJC_ISA_USAGE = YES_ERROR;
				CLANG_WARN_DOCUMENTATION_COMMENTS = YES;
				CLANG_WARN_EMPTY_BODY = YES;
				CLANG_WARN_ENUM_CONVERSION = YES;
				CLANG_WARN_INFINITE_RECURSION = YES;
				CLANG_WARN_INT_CONVERSION = YES;
				CLANG_WARN_NON_LITERAL_NULL_CONVERSION = YES;
				CLANG_WARN_OBJC_IMPLICIT_RETAIN_SELF = YES;
				CLANG_WARN_OBJC_LITERAL_CONVERSION = YES;
				CLANG_WARN_OBJC_ROOT_CLASS = YES_ERROR;
				CLANG_WARN_QUOTED_INCLUDE_IN_FRAMEWORK_HEADER = YES;
				CLANG_WARN_RANGE_LOOP_ANALYSIS = YES;
				CLANG_WARN_STRICT_PROTOTYPES = YES;
				CLANG_WARN_SUSPICIOUS_MOVE = YES;
				CLANG_WARN_UNGUARDED_AVAILABILITY = YES_AGGRESSIVE;
				CLANG_WARN_UNREACHABLE_CODE = YES;
				CLANG_WARN__DUPLICATE_METHOD_MATCH = YES;
				COPY_PHASE_STRIP = NO;
				DEBUG_INFORMATION_FORMAT = "dwarf-with-dsym";
				ENABLE_NS_ASSERTIONS = NO;
				ENABLE_STRICT_OBJC_MSGSEND = YES;
				ENABLE_USER_SCRIPT_SANDBOXING = YES;
				GCC_C_LANGUAGE_STANDARD = gnu17;
				GCC_NO_COMMON_BLOCKS = YES;
				GCC_WARN_64_TO_32_BIT_CONVERSION = YES;
				GCC_WARN_ABOUT_RETURN_TYPE = YES_ERROR;
				GCC_WARN_UNDECLARED_SELECTOR = YES;
				GCC_WARN_UNINITIALIZED_AUTOS = YES_AGGRESSIVE;
				GCC_WARN_UNUSED_FUNCTION = YES;
				GCC_WARN_UNUSED_VARIABLE = YES;
				IPHONEOS_DEPLOYMENT_TARGET = 18.2;
				LOCALIZATION_PREFERS_STRING_CATALOGS = YES;
				MTL_ENABLE_DEBUG_INFO = NO;
				MTL_FAST_MATH = YES;
				SDKROOT = iphoneos;
				SWIFT_COMPILATION_MODE = wholemodule;
				VALIDATE_PRODUCT = YES;
			};
			name = Release;
		};
		6719527B2D8E214B008E73B4 /* Debug */ = {
			isa = XCBuildConfiguration;
			buildSettings = {
				BUNDLE_LOADER = "$(TEST_HOST)";
				CODE_SIGN_STYLE = Automatic;
				CURRENT_PROJECT_VERSION = 1;
				DEVELOPMENT_TEAM = QP7342XB9T;
				GENERATE_INFOPLIST_FILE = YES;
				IPHONEOS_DEPLOYMENT_TARGET = 18.2;
				MARKETING_VERSION = 1.0;
				PRODUCT_BUNDLE_IDENTIFIER = "com.burak.taskZ-iosTests";
				PRODUCT_NAME = "$(TARGET_NAME)";
				SWIFT_EMIT_LOC_STRINGS = NO;
				SWIFT_VERSION = 5.0;
				TARGETED_DEVICE_FAMILY = "1,2";
				TEST_HOST = "$(BUILT_PRODUCTS_DIR)/taskZ-ios.app/$(BUNDLE_EXECUTABLE_FOLDER_PATH)/taskZ-ios";
			};
			name = Debug;
		};
		6719527C2D8E214B008E73B4 /* Release */ = {
			isa = XCBuildConfiguration;
			buildSettings = {
				BUNDLE_LOADER = "$(TEST_HOST)";
				CODE_SIGN_STYLE = Automatic;
				CURRENT_PROJECT_VERSION = 1;
				DEVELOPMENT_TEAM = QP7342XB9T;
				GENERATE_INFOPLIST_FILE = YES;
				IPHONEOS_DEPLOYMENT_TARGET = 18.2;
				MARKETING_VERSION = 1.0;
				PRODUCT_BUNDLE_IDENTIFIER = "com.burak.taskZ-iosTests";
				PRODUCT_NAME = "$(TARGET_NAME)";
				SWIFT_EMIT_LOC_STRINGS = NO;
				SWIFT_VERSION = 5.0;
				TARGETED_DEVICE_FAMILY = "1,2";
				TEST_HOST = "$(BUILT_PRODUCTS_DIR)/taskZ-ios.app/$(BUNDLE_EXECUTABLE_FOLDER_PATH)/taskZ-ios";
			};
			name = Release;
		};
		6719527E2D8E214B008E73B4 /* Debug */ = {
			isa = XCBuildConfiguration;
			buildSettings = {
				CODE_SIGN_STYLE = Automatic;
				CURRENT_PROJECT_VERSION = 1;
				DEVELOPMENT_TEAM = QP7342XB9T;
				GENERATE_INFOPLIST_FILE = YES;
				MARKETING_VERSION = 1.0;
				PRODUCT_BUNDLE_IDENTIFIER = "com.burak.taskZ-iosUITests";
				PRODUCT_NAME = "$(TARGET_NAME)";
				SWIFT_EMIT_LOC_STRINGS = NO;
				SWIFT_VERSION = 5.0;
				TARGETED_DEVICE_FAMILY = "1,2";
				TEST_TARGET_NAME = "taskZ-ios";
			};
			name = Debug;
		};
		6719527F2D8E214B008E73B4 /* Release */ = {
			isa = XCBuildConfiguration;
			buildSettings = {
				CODE_SIGN_STYLE = Automatic;
				CURRENT_PROJECT_VERSION = 1;
				DEVELOPMENT_TEAM = QP7342XB9T;
				GENERATE_INFOPLIST_FILE = YES;
				MARKETING_VERSION = 1.0;
				PRODUCT_BUNDLE_IDENTIFIER = "com.burak.taskZ-iosUITests";
				PRODUCT_NAME = "$(TARGET_NAME)";
				SWIFT_EMIT_LOC_STRINGS = NO;
				SWIFT_VERSION = 5.0;
				TARGETED_DEVICE_FAMILY = "1,2";
				TEST_TARGET_NAME = "taskZ-ios";
			};
			name = Release;
		};
/* End XCBuildConfiguration section */

/* Begin XCConfigurationList section */
		671952472D8E214A008E73B4 /* Build configuration list for PBXProject "taskZ-ios" */ = {
			isa = XCConfigurationList;
			buildConfigurations = (
				671952782D8E214B008E73B4 /* Debug */,
				671952792D8E214B008E73B4 /* Release */,
			);
			defaultConfigurationIsVisible = 0;
			defaultConfigurationName = Release;
		};
		671952752D8E214B008E73B4 /* Build configuration list for PBXNativeTarget "taskZ-ios" */ = {
			isa = XCConfigurationList;
			buildConfigurations = (
				671952762D8E214B008E73B4 /* Debug */,
				671952772D8E214B008E73B4 /* Release */,
			);
			defaultConfigurationIsVisible = 0;
			defaultConfigurationName = Release;
		};
		6719527A2D8E214B008E73B4 /* Build configuration list for PBXNativeTarget "taskZ-iosTests" */ = {
			isa = XCConfigurationList;
			buildConfigurations = (
				6719527B2D8E214B008E73B4 /* Debug */,
				6719527C2D8E214B008E73B4 /* Release */,
			);
			defaultConfigurationIsVisible = 0;
			defaultConfigurationName = Release;
		};
		6719527D2D8E214B008E73B4 /* Build configuration list for PBXNativeTarget "taskZ-iosUITests" */ = {
			isa = XCConfigurationList;
			buildConfigurations = (
				6719527E2D8E214B008E73B4 /* Debug */,
				6719527F2D8E214B008E73B4 /* Release */,
			);
			defaultConfigurationIsVisible = 0;
			defaultConfigurationName = Release;
		};
/* End XCConfigurationList section */
	};
	rootObject = 671952442D8E214A008E73B4 /* Project object */;
}
